{
  "name": "ngx-easy-table-plus",
  "version": "15.7.0",
  "lockfileVersion": 2,
  "requires": true,
  "packages": {
    "": {
      "name": "ngx-easy-table-plus",
      "version": "15.7.0",
      "license": "MIT",
      "dependencies": {
        "ngx-pagination": "^6.0.3",
        "tslib": "^2.0.0"
      },
      "peerDependencies": {
        "@angular/cdk": ">=16.0.0",
        "@angular/common": ">=16.0.0",
        "@angular/core": ">=16.0.0",
        "ngx-pagination": "^6.0.3"
      }
    },
    "node_modules/@angular/cdk": {
      "version": "18.2.0",
      "resolved": "https://registry.npmjs.org/@angular/cdk/-/cdk-18.2.0.tgz",
      "integrity": "sha512-hjuUWNhxU48WB2i1j4NLwnPTaCnucRElfp7DBX5Io0rY5Lwl3HXafvyi7/A1D0Ah+YsJpktKOWPDGv8r7vxymg==",
      "peer": true,
      "dependencies": {
        "tslib": "^2.3.0"
      },
      "optionalDependencies": {
        "parse5": "^7.1.2"
      },
      "peerDependencies": {
        "@angular/common": "^18.0.0 || ^19.0.0",
        "@angular/core": "^18.0.0 || ^19.0.0",
        "rxjs": "^6.5.3 || ^7.4.0"
      }
    },
    "node_modules/@angular/common": {
      "version": "18.2.0",
      "resolved": "https://registry.npmjs.org/@angular/common/-/common-18.2.0.tgz",
      "integrity": "sha512-DELx/QYNqqjmiM+kE5PoVmyG4gPw5WB1bDDeg3hEuBCK3eS2KosgQH0/MQo3OSBZHOcAMFjfHMGqKgxndmYixQ==",
      "peer": true,
      "dependencies": {
        "tslib": "^2.3.0"
      },
      "engines": {
        "node": "^18.19.1 || ^20.11.1 || >=22.0.0"
      },
      "peerDependencies": {
        "@angular/core": "18.2.0",
        "rxjs": "^6.5.3 || ^7.4.0"
      }
    },
    "node_modules/@angular/core": {
      "version": "18.2.0",
      "resolved": "https://registry.npmjs.org/@angular/core/-/core-18.2.0.tgz",
      "integrity": "sha512-7+4wXfeAk1TnG3MGho2gpBI5XHxeSRWzLK2rC5qyyRbmMV+GrIgf1HqFjQ4S02rydkQvGpjqQHtO1PYJnyn4bg==",
      "peer": true,
      "dependencies": {
        "tslib": "^2.3.0"
      },
      "engines": {
        "node": "^18.19.1 || ^20.11.1 || >=22.0.0"
      },
      "peerDependencies": {
        "rxjs": "^6.5.3 || ^7.4.0",
        "zone.js": "~0.14.10"
      }
    },
    "node_modules/entities": {
      "version": "4.5.0",
      "resolved": "https://registry.npmjs.org/entities/-/entities-4.5.0.tgz",
      "integrity": "sha512-V0hjH4dGPh9Ao5p0MoRY6BVqtwCjhz6vI5LT8AJ55H+4g9/4vbHx1I54fS0XuclLhDHArPQCiMjDxjaL8fPxhw==",
      "optional": true,
      "peer": true,
      "engines": {
        "node": ">=0.12"
      },
      "funding": {
        "url": "https://github.com/fb55/entities?sponsor=1"
      }
    },
    "node_modules/ngx-pagination": {
      "version": "6.0.3",
      "resolved": "https://registry.npmjs.org/ngx-pagination/-/ngx-pagination-6.0.3.tgz",
      "integrity": "sha512-lONjTQ7hFPh1SyhwDrRd5ZwM4NMGQ7bNR6vLrs6mrU0Z8Q1zCcWbf/pvyp4DOlGyd9uyZxRy2wUsSZLeIPjbAw==",
      "dependencies": {
        "tslib": "^2.3.0"
      },
      "peerDependencies": {
        "@angular/common": ">=13.0.0",
        "@angular/core": ">=13.0.0"
      }
    },
    "node_modules/parse5": {
      "version": "7.1.2",
      "resolved": "https://registry.npmjs.org/parse5/-/parse5-7.1.2.tgz",
      "integrity": "sha512-Czj1WaSVpaoj0wbhMzLmWD69anp2WH7FXMB9n1Sy8/ZFF9jolSQVMu1Ij5WIyGmcBmhk7EOndpO4mIpihVqAXw==",
      "optional": true,
      "peer": true,
      "dependencies": {
        "entities": "^4.4.0"
      },
      "funding": {
        "url": "https://github.com/inikulin/parse5?sponsor=1"
      }
    },
    "node_modules/rxjs": {
      "version": "7.5.7",
      "resolved": "https://registry.npmjs.org/rxjs/-/rxjs-7.5.7.tgz",
      "integrity": "sha512-z9MzKh/UcOqB3i20H6rtrlaE/CgjLOvheWK/9ILrbhROGTweAi1BaFsTT9FbwZi5Trr1qNRs+MXkhmR06awzQA==",
      "peer": true,
      "dependencies": {
        "tslib": "^2.1.0"
      }
    },
    "node_modules/tslib": {
      "version": "2.4.1",
      "resolved": "https://registry.npmjs.org/tslib/-/tslib-2.4.1.tgz",
      "integrity": "sha512-tGyy4dAjRIEwI7BzsB0lynWgOpfqjUdq91XXAlIWD2OwKBH7oCl/GZG/HT4BOHrTlPMOASlMQ7veyTqpmRcrNA=="
    },
    "node_modules/zone.js": {
      "version": "0.14.10",
      "resolved": "https://registry.npmjs.org/zone.js/-/zone.js-0.14.10.tgz",
      "integrity": "sha512-YGAhaO7J5ywOXW6InXNlLmfU194F8lVgu7bRntUF3TiG8Y3nBK0x1UJJuHUP/e8IyihkjCYqhCScpSwnlaSRkQ==",
      "peer": true
    }
  },
  "dependencies": {
    "@angular/cdk": {
      "version": "18.2.0",
      "resolved": "https://registry.npmjs.org/@angular/cdk/-/cdk-18.2.0.tgz",
      "integrity": "sha512-hjuUWNhxU48WB2i1j4NLwnPTaCnucRElfp7DBX5Io0rY5Lwl3HXafvyi7/A1D0Ah+YsJpktKOWPDGv8r7vxymg==",
      "peer": true,
      "requires": {
        "parse5": "^7.1.2",
        "tslib": "^2.3.0"
      }
    },
    "@angular/common": {
      "version": "18.2.0",
      "resolved": "https://registry.npmjs.org/@angular/common/-/common-18.2.0.tgz",
      "integrity": "sha512-DELx/QYNqqjmiM+kE5PoVmyG4gPw5WB1bDDeg3hEuBCK3eS2KosgQH0/MQo3OSBZHOcAMFjfHMGqKgxndmYixQ==",
      "peer": true,
      "requires": {
        "tslib": "^2.3.0"
      }
    },
    "@angular/core": {
      "version": "18.2.0",
      "resolved": "https://registry.npmjs.org/@angular/core/-/core-18.2.0.tgz",
      "integrity": "sha512-7+4wXfeAk1TnG3MGho2gpBI5XHxeSRWzLK2rC5qyyRbmMV+GrIgf1HqFjQ4S02rydkQvGpjqQHtO1PYJnyn4bg==",
      "peer": true,
      "requires": {
        "tslib": "^2.3.0"
      }
    },
    "entities": {
      "version": "4.5.0",
      "resolved": "https://registry.npmjs.org/entities/-/entities-4.5.0.tgz",
      "integrity": "sha512-V0hjH4dGPh9Ao5p0MoRY6BVqtwCjhz6vI5LT8AJ55H+4g9/4vbHx1I54fS0XuclLhDHArPQCiMjDxjaL8fPxhw==",
      "optional": true,
      "peer": true
    },
    "ngx-pagination": {
      "version": "6.0.3",
      "resolved": "https://registry.npmjs.org/ngx-pagination/-/ngx-pagination-6.0.3.tgz",
      "integrity": "sha512-lONjTQ7hFPh1SyhwDrRd5ZwM4NMGQ7bNR6vLrs6mrU0Z8Q1zCcWbf/pvyp4DOlGyd9uyZxRy2wUsSZLeIPjbAw==",
      "requires": {
        "tslib": "^2.3.0"
      }
    },
    "parse5": {
      "version": "7.1.2",
      "resolved": "https://registry.npmjs.org/parse5/-/parse5-7.1.2.tgz",
      "integrity": "sha512-Czj1WaSVpaoj0wbhMzLmWD69anp2WH7FXMB9n1Sy8/ZFF9jolSQVMu1Ij5WIyGmcBmhk7EOndpO4mIpihVqAXw==",
      "optional": true,
      "peer": true,
      "requires": {
        "entities": "^4.4.0"
      }
    },
    "rxjs": {
      "version": "7.5.7",
      "resolved": "https://registry.npmjs.org/rxjs/-/rxjs-7.5.7.tgz",
      "integrity": "sha512-z9MzKh/UcOqB3i20H6rtrlaE/CgjLOvheWK/9ILrbhROGTweAi1BaFsTT9FbwZi5Trr1qNRs+MXkhmR06awzQA==",
      "peer": true,
      "requires": {
        "tslib": "^2.1.0"
      }
    },
    "tslib": {
      "version": "2.4.1",
      "resolved": "https://registry.npmjs.org/tslib/-/tslib-2.4.1.tgz",
      "integrity": "sha512-tGyy4dAjRIEwI7BzsB0lynWgOpfqjUdq91XXAlIWD2OwKBH7oCl/GZG/HT4BOHrTlPMOASlMQ7veyTqpmRcrNA=="
    },
    "zone.js": {
      "version": "0.14.10",
      "resolved": "https://registry.npmjs.org/zone.js/-/zone.js-0.14.10.tgz",
      "integrity": "sha512-YGAhaO7J5ywOXW6InXNlLmfU194F8lVgu7bRntUF3TiG8Y3nBK0x1UJJuHUP/e8IyihkjCYqhCScpSwnlaSRkQ==",
      "peer": true
    }
  }
}
